{
  "name": "gitops-deploy",
  "version": "1.0.0",
  "lockfileVersion": 1,
  "requires": true,
  "dependencies": {
    "@actions/core": {
      "version": "1.2.4",
      "resolved": "https://registry.npmjs.org/@actions/core/-/core-1.2.4.tgz",
      "integrity": "sha512-YJCEq8BE3CdN8+7HPZ/4DxJjk/OkZV2FFIf+DlZTC/4iBlzYCD5yjRR6eiOS5llO11zbRltIRuKAjMKaWTE6cg=="
    },
    "argparse": {
      "version": "1.0.10",
      "resolved": "https://registry.npmjs.org/argparse/-/argparse-1.0.10.tgz",
      "integrity": "sha512-o5Roy6tNG4SL/FOkCAN6RzjiakZS25RLYFrcMttJqbdd8BWrnA+fGz57iN5Pb06pvBGvl5gQ0B48dJlslXvoTg==",
      "requires": {
        "sprintf-js": "~1.0.2"
      }
    },
    "bodec": {
      "version": "0.1.0",
      "resolved": "https://registry.npmjs.org/bodec/-/bodec-0.1.0.tgz",
      "integrity": "sha1-vIUVVUMPI8n3ZQp172TGqUw0GMw="
    },
    "culvert": {
      "version": "0.1.2",
      "resolved": "https://registry.npmjs.org/culvert/-/culvert-0.1.2.tgz",
      "integrity": "sha1-lQL18BVKLVoioCPnn3HMk2+m728="
    },
    "esprima": {
      "version": "4.0.1",
      "resolved": "https://registry.npmjs.org/esprima/-/esprima-4.0.1.tgz",
      "integrity": "sha512-eGuFFw7Upda+g4p+QHvnW0RyTX/SVeJBDM/gCtMARO0cLuT2HcEKnTPvhjV6aGeqrCB/sbNop0Kszm0jsaWU4A=="
    },
    "git-sha1": {
      "version": "0.1.2",
      "resolved": "https://registry.npmjs.org/git-sha1/-/git-sha1-0.1.2.tgz",
      "integrity": "sha1-WZrBkrcYdYJeE6RF86bgURjC90U="
    },
    "js-git": {
      "version": "0.7.8",
      "resolved": "https://registry.npmjs.org/js-git/-/js-git-0.7.8.tgz",
      "integrity": "sha1-UvplWrYYd9bxB578ZTS1VPMeVEQ=",
      "requires": {
        "bodec": "^0.1.0",
        "culvert": "^0.1.2",
        "git-sha1": "^0.1.2",
        "pako": "^0.2.5"
      }
    },
    "js-github": {
      "version": "1.1.0",
      "resolved": "https://registry.npmjs.org/js-github/-/js-github-1.1.0.tgz",
      "integrity": "sha512-tYk+PcCVFM0hlBBiU7kFAdVYGwGR6ioqMfjuG24hhR0nmRRuwdfQ0ev1qHqmLPxG2ikM9PToNfGfk1HZajx2mg==",
      "requires": {
        "bodec": "^0.1.0",
        "git-sha1": "^0.1.2",
        "js-git": "^0.7.7"
      }
    },
    "js-yaml": {
      "version": "3.14.0",
      "resolved": "https://registry.npmjs.org/js-yaml/-/js-yaml-3.14.0.tgz",
      "integrity": "sha512-/4IbIeHcD9VMHFqDR/gQ7EdZdLimOvW2DdcxFjdyyZ9NsbS+ccrXqVWDtab/lRl5AlUqmpBx8EhPaWR+OtY17A==",
      "requires": {
        "argparse": "^1.0.7",
        "esprima": "^4.0.0"
      }
    },
    "lodash.set": {
      "version": "4.3.2",
      "resolved": "https://registry.npmjs.org/lodash.set/-/lodash.set-4.3.2.tgz",
      "integrity": "sha1-2HV7HagH3eJIFrDWqEvqGnYjCyM="
    },
    "pako": {
      "version": "0.2.9",
      "resolved": "https://registry.npmjs.org/pako/-/pako-0.2.9.tgz",
      "integrity": "sha1-8/dSL073gjSNqBYbrZ7P1Rv4OnU="
    },
    "sprintf-js": {
      "version": "1.0.3",
      "resolved": "https://registry.npmjs.org/sprintf-js/-/sprintf-js-1.0.3.tgz",
      "integrity": "sha1-BOaSb2YolTVPPdAVIDYzuFcpfiw="
    }
  }
}
